
Microsoft Visual Studio Solution File, Format Version 12.00
# Visual Studio Version 17
VisualStudioVersion = 17.0.31903.59
MinimumVisualStudioVersion = 10.0.40219.1
Project("{FAE04EC0-301F-11D3-BF4B-00C04F79EFBC}") = "AsparagusApp", "AsparagusApp\AsparagusApp.csproj", "{F96AB49F-234E-4E14-B390-6E7C157C65A2}"
EndProject
Global
	GlobalSection(SolutionConfigurationPlatforms) = preSolution
		Debug|Any CPU = Debug|Any CPU
		Release|Any CPU = Release|Any CPU
	EndGlobalSection
	GlobalSection(ProjectConfigurationPlatforms) = postSolution
		{F96AB49F-234E-4E14-B390-6E7C157C65A2}.Debug|Any CPU.ActiveCfg = Debug|Any CPU
		{F96AB49F-234E-4E14-B390-6E7C157C65A2}.Debug|Any CPU.Build.0 = Debug|Any CPU
		{F96AB49F-234E-4E14-B390-6E7C157C65A2}.Release|Any CPU.ActiveCfg = Release|Any CPU
		{F96AB49F-234E-4E14-B390-6E7C157C65A2}.Release|Any CPU.Build.0 = Release|Any CPU
	EndGlobalSection
	GlobalSection(SolutionProperties) = preSolution
		HideSolutionNode = FALSE
	EndGlobalSection
	GlobalSection(ExtensibilityGlobals) = postSolution
		SolutionGuid = {AB223FF1-032C-4FDD-8158-47C56B70F5BE}
	EndGlobalSection
EndGlobal
